PODS:
  - GoogleMaps (2.7.0):
    - GoogleMaps/Maps (= 2.7.0)
  - GoogleMaps/Base (2.7.0)
  - GoogleMaps/Maps (2.7.0):
    - GoogleMaps/Base
  - React/Core (0.57.7):
    - yoga (= 0.57.7.React)
  - React/fishhook (0.57.7)
  - React/RCTActionSheet (0.57.7):
    - React/Core
  - React/RCTAnimation (0.57.7):
    - React/Core
  - React/RCTBlob (0.57.7):
    - React/Core
  - React/RCTGeolocation (0.57.7):
    - React/Core
  - React/RCTImage (0.57.7):
    - React/Core
    - React/RCTNetwork
  - React/RCTLinkingIOS (0.57.7):
    - React/Core
  - React/RCTNetwork (0.57.7):
    - React/Core
  - React/RCTSettings (0.57.7):
    - React/Core
  - React/RCTText (0.57.7):
    - React/Core
  - React/RCTVibration (0.57.7):
    - React/Core
  - React/RCTWebSocket (0.57.7):
    - React/Core
    - React/fishhook
    - React/RCTBlob
  - yoga (0.57.7.React)

DEPENDENCIES:
  - GoogleMaps
  - React/Core (from `../node_modules/react-native`)
  - React/RCTActionSheet (from `../node_modules/react-native`)
  - React/RCTAnimation (from `../node_modules/react-native`)
  - React/RCTGeolocation (from `../node_modules/react-native`)
  - React/RCTImage (from `../node_modules/react-native`)
  - React/RCTLinkingIOS (from `../node_modules/react-native`)
  - React/RCTNetwork (from `../node_modules/react-native`)
  - React/RCTSettings (from `../node_modules/react-native`)
  - React/RCTText (from `../node_modules/react-native`)
  - React/RCTVibration (from `../node_modules/react-native`)
  - React/RCTWebSocket (from `../node_modules/react-native`)
  - yoga (from `../node_modules/react-native/ReactCommon/yoga`)

SPEC REPOS:
  https://github.com/cocoapods/specs.git:
    - GoogleMaps

EXTERNAL SOURCES:
  React:
    :path: "../node_modules/react-native"
  yoga:
    :path: "../node_modules/react-native/ReactCommon/yoga"

SPEC CHECKSUMS:
  GoogleMaps: f79af95cb24d869457b1f961c93d3ce8b2f3b848
  React: 1fe0eb13d90b625d94c3b117c274dcfd2e760e11
  yoga: b1ce48b6cf950b98deae82838f5173ea7cf89e85

PODFILE CHECKSUM: b8c786d4b405786952f2aac5404cfa896716062b

COCOAPODS: 1.5.3
